
Microsoft Visual Studio Solution File, Format Version 12.00
# Visual Studio Version 17
VisualStudioVersion = 17.7.34024.191
MinimumVisualStudioVersion = 10.0.40219.1
Project("{2150E333-8FDC-42A3-9474-1A3956D46DE8}") = "src", "src", "{E79646F8-40D8-4CB0-8154-F42498B9D3FC}"
EndProject
Project("{2150E333-8FDC-42A3-9474-1A3956D46DE8}") = "Solution Items", "Solution Items", "{EBC18A80-667C-4630-A310-A1339D16A165}"
	ProjectSection(SolutionItems) = preProject
		ServiceUrls.txt = ServiceUrls.txt
	EndProjectSection
EndProject
Project("{2150E333-8FDC-42A3-9474-1A3956D46DE8}") = "Clients", "Clients", "{5FF072AB-9FE4-4192-BA2E-DF801E61107D}"
EndProject
Project("{2150E333-8FDC-42A3-9474-1A3956D46DE8}") = "APIGateways", "APIGateways", "{4911B0B6-BD5C-4943-B701-CDF6C1E8F0B5}"
EndProject
Project("{2150E333-8FDC-42A3-9474-1A3956D46DE8}") = "BuildingBlocks", "BuildingBlocks", "{5C7F770B-AF69-44ED-A877-3E06BAE7DBB6}"
EndProject
Project("{2150E333-8FDC-42A3-9474-1A3956D46DE8}") = "Services", "Services", "{FA2D3C25-9CEE-43A7-968D-0BD448321FA5}"
EndProject
Project("{2150E333-8FDC-42A3-9474-1A3956D46DE8}") = "WebAPIGateway", "WebAPIGateway", "{F4D70B8E-A7E5-4445-8BED-1C9957B7D0E4}"
EndProject
Project("{9A19103F-16F7-4668-BE54-9A1E7A4F7556}") = "Web.APIGateway", "src\APIGateways\WebAPIGateway\Web.APIGateway\Web.APIGateway.csproj", "{754D527F-1308-4871-B23C-09000EDD62C4}"
EndProject
Project("{2150E333-8FDC-42A3-9474-1A3956D46DE8}") = "EventBus", "EventBus", "{AADF3BC0-8BF9-471C-A2D3-19ECE364A6E2}"
EndProject
Project("{9A19103F-16F7-4668-BE54-9A1E7A4F7556}") = "EventBus.Base", "src\BuildingBlocks\EventBus\EventBus.Base\EventBus.Base.csproj", "{320D8C7B-2B76-4E7A-B243-E0CDDF4F0F7F}"
EndProject
Project("{9A19103F-16F7-4668-BE54-9A1E7A4F7556}") = "EventBus.AzureServiceBus", "src\BuildingBlocks\EventBus\EventBus.AzureServiceBus\EventBus.AzureServiceBus.csproj", "{24F156AE-5469-4702-8881-6CE5E137AD50}"
EndProject
Project("{9A19103F-16F7-4668-BE54-9A1E7A4F7556}") = "EventBus.RabbitMQ", "src\BuildingBlocks\EventBus\EventBus.RabbitMQ\EventBus.RabbitMQ.csproj", "{45E04BA0-8C9D-4141-8BAB-A43DC3AFCCC7}"
EndProject
Project("{2150E333-8FDC-42A3-9474-1A3956D46DE8}") = "WebApp", "WebApp", "{83CBF81A-DB8B-4310-A494-53C78D9FA88E}"
EndProject
Project("{9A19103F-16F7-4668-BE54-9A1E7A4F7556}") = "BlazorWebApp", "src\Clients\WebApp\BlazorWebApp\BlazorWebApp.csproj", "{584DA30B-D97F-4663-9E27-7DCD9F0127A0}"
EndProject
Project("{2150E333-8FDC-42A3-9474-1A3956D46DE8}") = "BasketService", "BasketService", "{E2E5C7D0-F2F3-4987-978E-FA3DF38CA917}"
EndProject
Project("{2150E333-8FDC-42A3-9474-1A3956D46DE8}") = "OrderService", "OrderService", "{284E1667-8324-4ABC-8B18-2859E9D542D6}"
EndProject
Project("{9A19103F-16F7-4668-BE54-9A1E7A4F7556}") = "BasketService.API", "src\Services\BasketService\BasketService\BasketService.API.csproj", "{C7C5C12C-F4D5-4584-97C2-3C817815D372}"
EndProject
Project("{2150E333-8FDC-42A3-9474-1A3956D46DE8}") = "CatalogService", "CatalogService", "{5266925C-7615-4237-B1ED-F226C781CBAC}"
EndProject
Project("{9A19103F-16F7-4668-BE54-9A1E7A4F7556}") = "CatalogService.API", "src\Services\CatalogService\CatalogService\CatalogService.API.csproj", "{28A3F56F-E168-45ED-A153-7DCF664D9E19}"
EndProject
Project("{2150E333-8FDC-42A3-9474-1A3956D46DE8}") = "IdentityService", "IdentityService", "{24C37457-E18D-48CA-B76C-1D58E3C4976E}"
EndProject
Project("{FAE04EC0-301F-11D3-BF4B-00C04F79EFBC}") = "IdentityService.API", "src\Services\IdentityService\IdentityService.API\IdentityService.API.csproj", "{C5E9B7D2-DE0E-42E5-B6B0-163FEDCDB339}"
EndProject
Project("{2150E333-8FDC-42A3-9474-1A3956D46DE8}") = "NotificationService", "NotificationService", "{E7CB0646-3265-40F9-B522-EC5669C54B3E}"
EndProject
Project("{FAE04EC0-301F-11D3-BF4B-00C04F79EFBC}") = "NotificationService", "src\Services\NotificationService\NotificationService\NotificationService.csproj", "{9358D7A4-3F37-44C8-9920-026067BF6139}"
EndProject
Project("{FAE04EC0-301F-11D3-BF4B-00C04F79EFBC}") = "OrderService.Domain", "src\Services\OrderService\OrderService.Domain\OrderService.Domain.csproj", "{A15FB3F3-0B59-430F-92DA-B8FBB53BBB63}"
EndProject
Project("{FAE04EC0-301F-11D3-BF4B-00C04F79EFBC}") = "OrderService.Application", "src\Services\OrderService\OrderService.Application\OrderService.Application.csproj", "{98AA1999-7C0E-4C2F-8134-E433CDDB0A4C}"
EndProject
Project("{FAE04EC0-301F-11D3-BF4B-00C04F79EFBC}") = "OrderService.Infrastructure", "src\Services\OrderService\OrderService.Infrastructure\OrderService.Infrastructure.csproj", "{5D3C02B6-E9A0-4BB8-99C4-F98DAE6EE117}"
EndProject
Project("{FAE04EC0-301F-11D3-BF4B-00C04F79EFBC}") = "OrderService.API", "src\Services\OrderService\OrderService.API\OrderService.API.csproj", "{2948A6BA-264A-4767-956A-7811497E63BC}"
EndProject
Project("{2150E333-8FDC-42A3-9474-1A3956D46DE8}") = "PaymentService", "PaymentService", "{6673A50A-1FD2-4060-AB45-E61131F5B0CC}"
EndProject
Project("{FAE04EC0-301F-11D3-BF4B-00C04F79EFBC}") = "PaymentService.API", "src\Services\PaymentService\PaymentService.API\PaymentService.API.csproj", "{9991844F-C480-4D51-9645-F4156986EF66}"
EndProject
Project("{FAE04EC0-301F-11D3-BF4B-00C04F79EFBC}") = "EventBus.Factory", "src\BuildingBlocks\EventBus\EventBus.Factory\EventBus.Factory.csproj", "{2E6B9C47-B55D-4F06-A19C-C77B8959201B}"
EndProject
Global
	GlobalSection(SolutionConfigurationPlatforms) = preSolution
		Debug|Any CPU = Debug|Any CPU
		Release|Any CPU = Release|Any CPU
	EndGlobalSection
	GlobalSection(ProjectConfigurationPlatforms) = postSolution
		{754D527F-1308-4871-B23C-09000EDD62C4}.Debug|Any CPU.ActiveCfg = Debug|Any CPU
		{754D527F-1308-4871-B23C-09000EDD62C4}.Debug|Any CPU.Build.0 = Debug|Any CPU
		{754D527F-1308-4871-B23C-09000EDD62C4}.Release|Any CPU.ActiveCfg = Release|Any CPU
		{754D527F-1308-4871-B23C-09000EDD62C4}.Release|Any CPU.Build.0 = Release|Any CPU
		{320D8C7B-2B76-4E7A-B243-E0CDDF4F0F7F}.Debug|Any CPU.ActiveCfg = Debug|Any CPU
		{320D8C7B-2B76-4E7A-B243-E0CDDF4F0F7F}.Debug|Any CPU.Build.0 = Debug|Any CPU
		{320D8C7B-2B76-4E7A-B243-E0CDDF4F0F7F}.Release|Any CPU.ActiveCfg = Release|Any CPU
		{320D8C7B-2B76-4E7A-B243-E0CDDF4F0F7F}.Release|Any CPU.Build.0 = Release|Any CPU
		{24F156AE-5469-4702-8881-6CE5E137AD50}.Debug|Any CPU.ActiveCfg = Debug|Any CPU
		{24F156AE-5469-4702-8881-6CE5E137AD50}.Debug|Any CPU.Build.0 = Debug|Any CPU
		{24F156AE-5469-4702-8881-6CE5E137AD50}.Release|Any CPU.ActiveCfg = Release|Any CPU
		{24F156AE-5469-4702-8881-6CE5E137AD50}.Release|Any CPU.Build.0 = Release|Any CPU
		{45E04BA0-8C9D-4141-8BAB-A43DC3AFCCC7}.Debug|Any CPU.ActiveCfg = Debug|Any CPU
		{45E04BA0-8C9D-4141-8BAB-A43DC3AFCCC7}.Debug|Any CPU.Build.0 = Debug|Any CPU
		{45E04BA0-8C9D-4141-8BAB-A43DC3AFCCC7}.Release|Any CPU.ActiveCfg = Release|Any CPU
		{45E04BA0-8C9D-4141-8BAB-A43DC3AFCCC7}.Release|Any CPU.Build.0 = Release|Any CPU
		{584DA30B-D97F-4663-9E27-7DCD9F0127A0}.Debug|Any CPU.ActiveCfg = Debug|Any CPU
		{584DA30B-D97F-4663-9E27-7DCD9F0127A0}.Debug|Any CPU.Build.0 = Debug|Any CPU
		{584DA30B-D97F-4663-9E27-7DCD9F0127A0}.Release|Any CPU.ActiveCfg = Release|Any CPU
		{584DA30B-D97F-4663-9E27-7DCD9F0127A0}.Release|Any CPU.Build.0 = Release|Any CPU
		{C7C5C12C-F4D5-4584-97C2-3C817815D372}.Debug|Any CPU.ActiveCfg = Debug|Any CPU
		{C7C5C12C-F4D5-4584-97C2-3C817815D372}.Debug|Any CPU.Build.0 = Debug|Any CPU
		{C7C5C12C-F4D5-4584-97C2-3C817815D372}.Release|Any CPU.ActiveCfg = Release|Any CPU
		{C7C5C12C-F4D5-4584-97C2-3C817815D372}.Release|Any CPU.Build.0 = Release|Any CPU
		{28A3F56F-E168-45ED-A153-7DCF664D9E19}.Debug|Any CPU.ActiveCfg = Debug|Any CPU
		{28A3F56F-E168-45ED-A153-7DCF664D9E19}.Debug|Any CPU.Build.0 = Debug|Any CPU
		{28A3F56F-E168-45ED-A153-7DCF664D9E19}.Release|Any CPU.ActiveCfg = Release|Any CPU
		{28A3F56F-E168-45ED-A153-7DCF664D9E19}.Release|Any CPU.Build.0 = Release|Any CPU
		{C5E9B7D2-DE0E-42E5-B6B0-163FEDCDB339}.Debug|Any CPU.ActiveCfg = Debug|Any CPU
		{C5E9B7D2-DE0E-42E5-B6B0-163FEDCDB339}.Debug|Any CPU.Build.0 = Debug|Any CPU
		{C5E9B7D2-DE0E-42E5-B6B0-163FEDCDB339}.Release|Any CPU.ActiveCfg = Release|Any CPU
		{C5E9B7D2-DE0E-42E5-B6B0-163FEDCDB339}.Release|Any CPU.Build.0 = Release|Any CPU
		{9358D7A4-3F37-44C8-9920-026067BF6139}.Debug|Any CPU.ActiveCfg = Debug|Any CPU
		{9358D7A4-3F37-44C8-9920-026067BF6139}.Debug|Any CPU.Build.0 = Debug|Any CPU
		{9358D7A4-3F37-44C8-9920-026067BF6139}.Release|Any CPU.ActiveCfg = Release|Any CPU
		{9358D7A4-3F37-44C8-9920-026067BF6139}.Release|Any CPU.Build.0 = Release|Any CPU
		{A15FB3F3-0B59-430F-92DA-B8FBB53BBB63}.Debug|Any CPU.ActiveCfg = Debug|Any CPU
		{A15FB3F3-0B59-430F-92DA-B8FBB53BBB63}.Debug|Any CPU.Build.0 = Debug|Any CPU
		{A15FB3F3-0B59-430F-92DA-B8FBB53BBB63}.Release|Any CPU.ActiveCfg = Release|Any CPU
		{A15FB3F3-0B59-430F-92DA-B8FBB53BBB63}.Release|Any CPU.Build.0 = Release|Any CPU
		{98AA1999-7C0E-4C2F-8134-E433CDDB0A4C}.Debug|Any CPU.ActiveCfg = Debug|Any CPU
		{98AA1999-7C0E-4C2F-8134-E433CDDB0A4C}.Debug|Any CPU.Build.0 = Debug|Any CPU
		{98AA1999-7C0E-4C2F-8134-E433CDDB0A4C}.Release|Any CPU.ActiveCfg = Release|Any CPU
		{98AA1999-7C0E-4C2F-8134-E433CDDB0A4C}.Release|Any CPU.Build.0 = Release|Any CPU
		{5D3C02B6-E9A0-4BB8-99C4-F98DAE6EE117}.Debug|Any CPU.ActiveCfg = Debug|Any CPU
		{5D3C02B6-E9A0-4BB8-99C4-F98DAE6EE117}.Debug|Any CPU.Build.0 = Debug|Any CPU
		{5D3C02B6-E9A0-4BB8-99C4-F98DAE6EE117}.Release|Any CPU.ActiveCfg = Release|Any CPU
		{5D3C02B6-E9A0-4BB8-99C4-F98DAE6EE117}.Release|Any CPU.Build.0 = Release|Any CPU
		{2948A6BA-264A-4767-956A-7811497E63BC}.Debug|Any CPU.ActiveCfg = Debug|Any CPU
		{2948A6BA-264A-4767-956A-7811497E63BC}.Debug|Any CPU.Build.0 = Debug|Any CPU
		{2948A6BA-264A-4767-956A-7811497E63BC}.Release|Any CPU.ActiveCfg = Release|Any CPU
		{2948A6BA-264A-4767-956A-7811497E63BC}.Release|Any CPU.Build.0 = Release|Any CPU
		{9991844F-C480-4D51-9645-F4156986EF66}.Debug|Any CPU.ActiveCfg = Debug|Any CPU
		{9991844F-C480-4D51-9645-F4156986EF66}.Debug|Any CPU.Build.0 = Debug|Any CPU
		{9991844F-C480-4D51-9645-F4156986EF66}.Release|Any CPU.ActiveCfg = Release|Any CPU
		{9991844F-C480-4D51-9645-F4156986EF66}.Release|Any CPU.Build.0 = Release|Any CPU
		{2E6B9C47-B55D-4F06-A19C-C77B8959201B}.Debug|Any CPU.ActiveCfg = Debug|Any CPU
		{2E6B9C47-B55D-4F06-A19C-C77B8959201B}.Debug|Any CPU.Build.0 = Debug|Any CPU
		{2E6B9C47-B55D-4F06-A19C-C77B8959201B}.Release|Any CPU.ActiveCfg = Release|Any CPU
		{2E6B9C47-B55D-4F06-A19C-C77B8959201B}.Release|Any CPU.Build.0 = Release|Any CPU
	EndGlobalSection
	GlobalSection(SolutionProperties) = preSolution
		HideSolutionNode = FALSE
	EndGlobalSection
	GlobalSection(NestedProjects) = preSolution
		{5FF072AB-9FE4-4192-BA2E-DF801E61107D} = {E79646F8-40D8-4CB0-8154-F42498B9D3FC}
		{4911B0B6-BD5C-4943-B701-CDF6C1E8F0B5} = {E79646F8-40D8-4CB0-8154-F42498B9D3FC}
		{5C7F770B-AF69-44ED-A877-3E06BAE7DBB6} = {E79646F8-40D8-4CB0-8154-F42498B9D3FC}
		{FA2D3C25-9CEE-43A7-968D-0BD448321FA5} = {E79646F8-40D8-4CB0-8154-F42498B9D3FC}
		{F4D70B8E-A7E5-4445-8BED-1C9957B7D0E4} = {4911B0B6-BD5C-4943-B701-CDF6C1E8F0B5}
		{754D527F-1308-4871-B23C-09000EDD62C4} = {F4D70B8E-A7E5-4445-8BED-1C9957B7D0E4}
		{AADF3BC0-8BF9-471C-A2D3-19ECE364A6E2} = {5C7F770B-AF69-44ED-A877-3E06BAE7DBB6}
		{320D8C7B-2B76-4E7A-B243-E0CDDF4F0F7F} = {AADF3BC0-8BF9-471C-A2D3-19ECE364A6E2}
		{24F156AE-5469-4702-8881-6CE5E137AD50} = {AADF3BC0-8BF9-471C-A2D3-19ECE364A6E2}
		{45E04BA0-8C9D-4141-8BAB-A43DC3AFCCC7} = {AADF3BC0-8BF9-471C-A2D3-19ECE364A6E2}
		{83CBF81A-DB8B-4310-A494-53C78D9FA88E} = {5FF072AB-9FE4-4192-BA2E-DF801E61107D}
		{584DA30B-D97F-4663-9E27-7DCD9F0127A0} = {83CBF81A-DB8B-4310-A494-53C78D9FA88E}
		{E2E5C7D0-F2F3-4987-978E-FA3DF38CA917} = {FA2D3C25-9CEE-43A7-968D-0BD448321FA5}
		{284E1667-8324-4ABC-8B18-2859E9D542D6} = {FA2D3C25-9CEE-43A7-968D-0BD448321FA5}
		{C7C5C12C-F4D5-4584-97C2-3C817815D372} = {E2E5C7D0-F2F3-4987-978E-FA3DF38CA917}
		{5266925C-7615-4237-B1ED-F226C781CBAC} = {FA2D3C25-9CEE-43A7-968D-0BD448321FA5}
		{28A3F56F-E168-45ED-A153-7DCF664D9E19} = {5266925C-7615-4237-B1ED-F226C781CBAC}
		{24C37457-E18D-48CA-B76C-1D58E3C4976E} = {FA2D3C25-9CEE-43A7-968D-0BD448321FA5}
		{C5E9B7D2-DE0E-42E5-B6B0-163FEDCDB339} = {24C37457-E18D-48CA-B76C-1D58E3C4976E}
		{E7CB0646-3265-40F9-B522-EC5669C54B3E} = {FA2D3C25-9CEE-43A7-968D-0BD448321FA5}
		{9358D7A4-3F37-44C8-9920-026067BF6139} = {E7CB0646-3265-40F9-B522-EC5669C54B3E}
		{A15FB3F3-0B59-430F-92DA-B8FBB53BBB63} = {284E1667-8324-4ABC-8B18-2859E9D542D6}
		{98AA1999-7C0E-4C2F-8134-E433CDDB0A4C} = {284E1667-8324-4ABC-8B18-2859E9D542D6}
		{5D3C02B6-E9A0-4BB8-99C4-F98DAE6EE117} = {284E1667-8324-4ABC-8B18-2859E9D542D6}
		{2948A6BA-264A-4767-956A-7811497E63BC} = {284E1667-8324-4ABC-8B18-2859E9D542D6}
		{6673A50A-1FD2-4060-AB45-E61131F5B0CC} = {FA2D3C25-9CEE-43A7-968D-0BD448321FA5}
		{9991844F-C480-4D51-9645-F4156986EF66} = {6673A50A-1FD2-4060-AB45-E61131F5B0CC}
		{2E6B9C47-B55D-4F06-A19C-C77B8959201B} = {AADF3BC0-8BF9-471C-A2D3-19ECE364A6E2}
	EndGlobalSection
	GlobalSection(ExtensibilityGlobals) = postSolution
		SolutionGuid = {697EBB2B-263E-433C-9D78-CFAAC98E9E8A}
	EndGlobalSection
EndGlobal
